
Microsoft Visual Studio Solution File, Format Version 12.00
# Visual Studio Version 17
VisualStudioVersion = 17.5.33424.131
MinimumVisualStudioVersion = 10.0.40219.1
Project("{FAE04EC0-301F-11D3-BF4B-00C04F79EFBC}") = "MementoDemo", "MementoDemo\MementoDemo.csproj", "{D3B58F1A-69C2-445A-A967-B3772F7F500C}"
EndProject
Global
	GlobalSection(SolutionConfigurationPlatforms) = preSolution
		Debug|Any CPU = Debug|Any CPU
		Release|Any CPU = Release|Any CPU
	EndGlobalSection
	GlobalSection(ProjectConfigurationPlatforms) = postSolution
		{D3B58F1A-69C2-445A-A967-B3772F7F500C}.Debug|Any CPU.ActiveCfg = Debug|Any CPU
		{D3B58F1A-69C2-445A-A967-B3772F7F500C}.Debug|Any CPU.Build.0 = Debug|Any CPU
		{D3B58F1A-69C2-445A-A967-B3772F7F500C}.Release|Any CPU.ActiveCfg = Release|Any CPU
		{D3B58F1A-69C2-445A-A967-B3772F7F500C}.Release|Any CPU.Build.0 = Release|Any CPU
	EndGlobalSection
	GlobalSection(SolutionProperties) = preSolution
		HideSolutionNode = FALSE
	EndGlobalSection
	GlobalSection(ExtensibilityGlobals) = postSolution
		SolutionGuid = {D078ECA5-83E2-4AB8-A3BB-A4B49B2204B5}
	EndGlobalSection
EndGlobal
