
Microsoft Visual Studio Solution File, Format Version 12.00
# Visual Studio Version 17
VisualStudioVersion = 17.5.33424.131
MinimumVisualStudioVersion = 10.0.40219.1
Project("{FAE04EC0-301F-11D3-BF4B-00C04F79EFBC}") = "StateDemo", "StateDemo\StateDemo.csproj", "{24CD3646-F4F5-401A-B6CE-EAE5557E7DEE}"
EndProject
Global
	GlobalSection(SolutionConfigurationPlatforms) = preSolution
		Debug|Any CPU = Debug|Any CPU
		Release|Any CPU = Release|Any CPU
	EndGlobalSection
	GlobalSection(ProjectConfigurationPlatforms) = postSolution
		{24CD3646-F4F5-401A-B6CE-EAE5557E7DEE}.Debug|Any CPU.ActiveCfg = Debug|Any CPU
		{24CD3646-F4F5-401A-B6CE-EAE5557E7DEE}.Debug|Any CPU.Build.0 = Debug|Any CPU
		{24CD3646-F4F5-401A-B6CE-EAE5557E7DEE}.Release|Any CPU.ActiveCfg = Release|Any CPU
		{24CD3646-F4F5-401A-B6CE-EAE5557E7DEE}.Release|Any CPU.Build.0 = Release|Any CPU
	EndGlobalSection
	GlobalSection(SolutionProperties) = preSolution
		HideSolutionNode = FALSE
	EndGlobalSection
	GlobalSection(ExtensibilityGlobals) = postSolution
		SolutionGuid = {D0A063FE-9839-48D4-9400-55EEA0F236A8}
	EndGlobalSection
EndGlobal
