
Microsoft Visual Studio Solution File, Format Version 12.00
# Visual Studio Version 17
VisualStudioVersion = 17.5.33424.131
MinimumVisualStudioVersion = 10.0.40219.1
Project("{FAE04EC0-301F-11D3-BF4B-00C04F79EFBC}") = "ProxyDemo", "ProxyDemo\ProxyDemo.csproj", "{329A2B91-817C-4742-8F8A-68BB4F5AAD56}"
EndProject
Global
	GlobalSection(SolutionConfigurationPlatforms) = preSolution
		Debug|Any CPU = Debug|Any CPU
		Release|Any CPU = Release|Any CPU
	EndGlobalSection
	GlobalSection(ProjectConfigurationPlatforms) = postSolution
		{329A2B91-817C-4742-8F8A-68BB4F5AAD56}.Debug|Any CPU.ActiveCfg = Debug|Any CPU
		{329A2B91-817C-4742-8F8A-68BB4F5AAD56}.Debug|Any CPU.Build.0 = Debug|Any CPU
		{329A2B91-817C-4742-8F8A-68BB4F5AAD56}.Release|Any CPU.ActiveCfg = Release|Any CPU
		{329A2B91-817C-4742-8F8A-68BB4F5AAD56}.Release|Any CPU.Build.0 = Release|Any CPU
	EndGlobalSection
	GlobalSection(SolutionProperties) = preSolution
		HideSolutionNode = FALSE
	EndGlobalSection
	GlobalSection(ExtensibilityGlobals) = postSolution
		SolutionGuid = {DF6DB89A-58AD-4FA0-977D-9C828E9BE136}
	EndGlobalSection
EndGlobal
