
Microsoft Visual Studio Solution File, Format Version 12.00
# Visual Studio Version 17
VisualStudioVersion = 17.1.32210.238
MinimumVisualStudioVersion = 10.0.40219.1
Project("{FAE04EC0-301F-11D3-BF4B-00C04F79EFBC}") = "FactoryMethodPattern", "ConsoleApp1\FactoryMethodPattern.csproj", "{F832337C-F767-4E05-9F06-38C8270E55DC}"
EndProject
Global
	GlobalSection(SolutionConfigurationPlatforms) = preSolution
		Debug|Any CPU = Debug|Any CPU
		Release|Any CPU = Release|Any CPU
	EndGlobalSection
	GlobalSection(ProjectConfigurationPlatforms) = postSolution
		{F832337C-F767-4E05-9F06-38C8270E55DC}.Debug|Any CPU.ActiveCfg = Debug|Any CPU
		{F832337C-F767-4E05-9F06-38C8270E55DC}.Debug|Any CPU.Build.0 = Debug|Any CPU
		{F832337C-F767-4E05-9F06-38C8270E55DC}.Release|Any CPU.ActiveCfg = Release|Any CPU
		{F832337C-F767-4E05-9F06-38C8270E55DC}.Release|Any CPU.Build.0 = Release|Any CPU
	EndGlobalSection
	GlobalSection(SolutionProperties) = preSolution
		HideSolutionNode = FALSE
	EndGlobalSection
	GlobalSection(ExtensibilityGlobals) = postSolution
		SolutionGuid = {549933B8-542C-4EBF-86D0-ABCF1336BE5D}
	EndGlobalSection
EndGlobal
